
Microsoft Visual Studio Solution File, Format Version 12.00
# Visual Studio 2015
Project("{FAE04EC0-301F-11D3-BF4B-00C04F79EFBC}") = "Zombie.CSharp.Plugins", "Zombie.CSharp.Plugins.csproj", "{FD3DC3C7-1C83-0DE0-ADCB-5EC45391107B}"
EndProject
Project("{FAE04EC0-301F-11D3-BF4B-00C04F79EFBC}") = "Zombie.CSharp.Editor", "Zombie.CSharp.Editor.csproj", "{4CEEE3BD-2F6C-FEB3-8F87-31CF83791961}"
EndProject
Global
	GlobalSection(SolutionConfigurationPlatforms) = preSolution
		Debug|Any CPU = Debug|Any CPU
		Release|Any CPU = Release|Any CPU
	EndGlobalSection
	GlobalSection(ProjectConfigurationPlatforms) = postSolution
		{FD3DC3C7-1C83-0DE0-ADCB-5EC45391107B}.Debug|Any CPU.ActiveCfg = Debug|Any CPU
		{FD3DC3C7-1C83-0DE0-ADCB-5EC45391107B}.Debug|Any CPU.Build.0 = Debug|Any CPU
		{FD3DC3C7-1C83-0DE0-ADCB-5EC45391107B}.Release|Any CPU.ActiveCfg = Release|Any CPU
		{FD3DC3C7-1C83-0DE0-ADCB-5EC45391107B}.Release|Any CPU.Build.0 = Release|Any CPU
		{4CEEE3BD-2F6C-FEB3-8F87-31CF83791961}.Debug|Any CPU.ActiveCfg = Debug|Any CPU
		{4CEEE3BD-2F6C-FEB3-8F87-31CF83791961}.Debug|Any CPU.Build.0 = Debug|Any CPU
		{4CEEE3BD-2F6C-FEB3-8F87-31CF83791961}.Release|Any CPU.ActiveCfg = Release|Any CPU
		{4CEEE3BD-2F6C-FEB3-8F87-31CF83791961}.Release|Any CPU.Build.0 = Release|Any CPU
	EndGlobalSection
	GlobalSection(SolutionProperties) = preSolution
		HideSolutionNode = FALSE
	EndGlobalSection
EndGlobal
